<?xml version="1.0" encoding="utf-8"?>
<Project ToolsVersion="4.0" xmlns="http://schemas.microsoft.com/developer/msbuild/2003">
  <ItemGroup>
    <Filter Include="Source Files">
      <UniqueIdentifier>{4FC737F1-C7A5-4376-A066-2A32D752A2FF}</UniqueIdentifier>
      <Extensions>cpp;c;cc;cxx;def;odl;idl;hpj;bat;asm;asmx</Extensions>
    </Filter>
    <Filter Include="Header Files">
      <UniqueIdentifier>{93995380-89BD-4b04-88EB-625FBE52EBFB}</UniqueIdentifier>
      <Extensions>h;hpp;hxx;hm;inl;inc;xsd</Extensions>
    </Filter>
    <Filter Include="Resource Files">
      <UniqueIdentifier>{67DA6AB6-F800-4c08-8B7A-83BB121AAD01}</UniqueIdentifier>
      <Extensions>rc;ico;cur;bmp;dlg;rc2;rct;bin;rgs;gif;jpg;jpeg;jpe;resx;tiff;tif;png;wav;mfcribbon-ms</Extensions>
    </Filter>
  </ItemGroup>
  <ItemGroup>
    <Text Include="ReadMe.txt" />
  </ItemGroup>
  <ItemGroup>
    <ClInclude Include="stdafx.h">
      <Filter>Header Files</Filter>
    </ClInclude>
    <ClInclude Include="targetver.h">
      <Filter>Header Files</Filter>
    </ClInclude>
    <ClInclude Include="Resource.h">
      <Filter>Header Files</Filter>
    </ClInclude>
    <ClInclude Include="FXTFFeedClient.h">
      <Filter>Header Files</Filter>
    </ClInclude>
    <ClInclude Include="FeedMonitorInfo.h">
      <Filter>Header Files</Filter>
    </ClInclude>
    <ClInclude Include="FeedMonitorInfoView.h">
      <Filter>Header Files</Filter>
    </ClInclude>
    <ClInclude Include="FeedSwitcher.h">
      <Filter>Header Files</Filter>
    </ClInclude>
    <ClInclude Include="SymbolSpikeMappingView.h">
      <Filter>Header Files</Filter>
    </ClInclude>
    <ClInclude Include="..\..\FXTFFeedServer\FXTFFeedServer\Models\SymbolSpikeMappingModel.h">
      <Filter>Header Files</Filter>
    </ClInclude>
    <ClInclude Include="..\..\FXTFFeedServer\FXTFFeedServer\DBHandle\MySQLDBOperation.h">
      <Filter>Header Files</Filter>
    </ClInclude>
    <ClInclude Include="FeedClientDBHandle\DBOperationController.h">
      <Filter>Header Files</Filter>
    </ClInclude>
    <ClInclude Include="FeedClientCommon\SingletonFeedClient.h">
      <Filter>Header Files</Filter>
    </ClInclude>
    <ClInclude Include="FeedClientSocketHandle\FeedClientException.h">
      <Filter>Header Files</Filter>
    </ClInclude>
    <ClInclude Include="FeedClientSocketHandle\FeedClientHostInfo.h">
      <Filter>Header Files</Filter>
    </ClInclude>
    <ClInclude Include="FeedClientSocketHandle\FeedClientSocket.h">
      <Filter>Header Files</Filter>
    </ClInclude>
    <ClInclude Include="FeedClientSocketHandle\myLog.h">
      <Filter>Header Files</Filter>
    </ClInclude>
    <ClInclude Include="FeedClientSocketController.h">
      <Filter>Header Files</Filter>
    </ClInclude>
    <ClInclude Include="FeedClientSocketThread.h">
      <Filter>Header Files</Filter>
    </ClInclude>
    <ClInclude Include="..\..\FXTFFeedServer\FXTFFeedServer\Common\FXTFLog.h">
      <Filter>Header Files</Filter>
    </ClInclude>
    <ClInclude Include="..\..\FXTFFeedServer\FXTFFeedServer\Common\SocketLog.h">
      <Filter>Header Files</Filter>
    </ClInclude>
    <ClInclude Include="..\..\FXTFFeedServer\FXTFFeedServer\Common\ThreadException.h">
      <Filter>Header Files</Filter>
    </ClInclude>
    <ClInclude Include="FeedClientCommon\FeedClientConstant.h">
      <Filter>Header Files</Filter>
    </ClInclude>
    <ClInclude Include="..\..\FXTFFeedServer\FXTFFeedServer\Common\Constant.h">
      <Filter>Header Files</Filter>
    </ClInclude>
    <ClInclude Include="..\..\FXTFFeedServer\FXTFFeedServer\Models\SymbolModel.h">
      <Filter>Header Files</Filter>
    </ClInclude>
    <ClInclude Include="..\..\FXTFFeedServer\FXTFFeedServer\Models\UsersModel.h">
      <Filter>Header Files</Filter>
    </ClInclude>
    <ClInclude Include="..\..\FXTFFeedServer\FXTFFeedServer\Models\SymbolOutModel.h">
      <Filter>Header Files</Filter>
    </ClInclude>
    <ClInclude Include="..\..\FXTFFeedServer\FXTFFeedServer\DBHandle\ConfigFileRead.h">
      <Filter>Header Files</Filter>
    </ClInclude>
    <ClInclude Include="..\..\FXTFFeedServer\FXTFFeedServer\DBHandle\ini.h">
      <Filter>Header Files</Filter>
    </ClInclude>
    <ClInclude Include="..\..\FXTFFeedServer\FXTFFeedServer\Models\SymbolSourceMappingModel.h">
      <Filter>Header Files</Filter>
    </ClInclude>
    <ClInclude Include="..\..\FXTFFeedServer\FXTFFeedServer\Models\SymbolStatusModel.h">
      <Filter>Header Files</Filter>
    </ClInclude>
    <ClInclude Include="FeedClientDBHandle\FeedClientDBOperation.h">
      <Filter>Header Files</Filter>
    </ClInclude>
  </ItemGroup>
  <ItemGroup>
    <ClCompile Include="stdafx.cpp">
      <Filter>Source Files</Filter>
    </ClCompile>
    <ClCompile Include="FXTFFeedClient.cpp">
      <Filter>Source Files</Filter>
    </ClCompile>
    <ClCompile Include="FeedMonitorInfo.cpp">
      <Filter>Source Files</Filter>
    </ClCompile>
    <ClCompile Include="FeedMonitorInfoView.cpp">
      <Filter>Source Files</Filter>
    </ClCompile>
    <ClCompile Include="FeedSwitcher.cpp">
      <Filter>Source Files</Filter>
    </ClCompile>
    <ClCompile Include="SymbolSpikeMappingView.cpp">
      <Filter>Source Files</Filter>
    </ClCompile>
    <ClCompile Include="..\..\FXTFFeedServer\FXTFFeedServer\Models\SymbolSpikeMappingModel.cpp">
      <Filter>Source Files</Filter>
    </ClCompile>
    <ClCompile Include="..\..\FXTFFeedServer\FXTFFeedServer\DBHandle\MySQLDBOperation.cpp">
      <Filter>Source Files</Filter>
    </ClCompile>
    <ClCompile Include="FeedClientDBHandle\DBOperationController.cpp">
      <Filter>Source Files</Filter>
    </ClCompile>
    <ClCompile Include="FeedClientCommon\SingletonFeedClient.cpp">
      <Filter>Source Files</Filter>
    </ClCompile>
    <ClCompile Include="FeedClientSocketHandle\FeedClientException.cpp">
      <Filter>Source Files</Filter>
    </ClCompile>
    <ClCompile Include="FeedClientSocketHandle\FeedClientHostInfo.cpp">
      <Filter>Source Files</Filter>
    </ClCompile>
    <ClCompile Include="FeedClientSocketHandle\FeedClientSocket.cpp">
      <Filter>Source Files</Filter>
    </ClCompile>
    <ClCompile Include="FeedClientSocketHandle\myLog.cpp">
      <Filter>Source Files</Filter>
    </ClCompile>
    <ClCompile Include="FeedClientSocketController.cpp">
      <Filter>Source Files</Filter>
    </ClCompile>
    <ClCompile Include="FeedClientSocketThread.cpp">
      <Filter>Source Files</Filter>
    </ClCompile>
    <ClCompile Include="..\..\FXTFFeedServer\FXTFFeedServer\Common\FXTFLog.cpp">
      <Filter>Source Files</Filter>
    </ClCompile>
    <ClCompile Include="..\..\FXTFFeedServer\FXTFFeedServer\Common\SocketLog.cpp">
      <Filter>Source Files</Filter>
    </ClCompile>
    <ClCompile Include="..\..\FXTFFeedServer\FXTFFeedServer\Common\ThreadException.cpp">
      <Filter>Source Files</Filter>
    </ClCompile>
    <ClCompile Include="..\..\FXTFFeedServer\FXTFFeedServer\Models\SymbolModel.cpp">
      <Filter>Source Files</Filter>
    </ClCompile>
    <ClCompile Include="..\..\FXTFFeedServer\FXTFFeedServer\Models\UsersModel.cpp">
      <Filter>Source Files</Filter>
    </ClCompile>
    <ClCompile Include="..\..\FXTFFeedServer\FXTFFeedServer\Models\SymbolOutModel.cpp">
      <Filter>Source Files</Filter>
    </ClCompile>
    <ClCompile Include="..\..\FXTFFeedServer\FXTFFeedServer\DBHandle\ConfigFileRead.cpp">
      <Filter>Source Files</Filter>
    </ClCompile>
    <ClCompile Include="..\..\FXTFFeedServer\FXTFFeedServer\DBHandle\ini.c">
      <Filter>Source Files</Filter>
    </ClCompile>
    <ClCompile Include="..\..\FXTFFeedServer\FXTFFeedServer\Models\SymbolSourceMappingModel.cpp">
      <Filter>Source Files</Filter>
    </ClCompile>
    <ClCompile Include="..\..\FXTFFeedServer\FXTFFeedServer\Models\SymbolStatusModel.cpp">
      <Filter>Source Files</Filter>
    </ClCompile>
    <ClCompile Include="FeedClientDBHandle\FeedClientDBOperation.cpp">
      <Filter>Source Files</Filter>
    </ClCompile>
  </ItemGroup>
  <ItemGroup>
    <ResourceCompile Include="FXTFFeedClient.rc">
      <Filter>Resource Files</Filter>
    </ResourceCompile>
  </ItemGroup>
  <ItemGroup>
    <Image Include="small.ico">
      <Filter>Resource Files</Filter>
    </Image>
    <Image Include="FXTFFeedClient.ico">
      <Filter>Resource Files</Filter>
    </Image>
    <Image Include="logo.ico">
      <Filter>Resource Files</Filter>
    </Image>
  </ItemGroup>
</Project>