<?xml version="1.0" encoding="utf-8"?>
<Project ToolsVersion="4.0" xmlns="http://schemas.microsoft.com/developer/msbuild/2003">
  <ItemGroup>
    <Filter Include="Source Files">
      <UniqueIdentifier>{4FC737F1-C7A5-4376-A066-2A32D752A2FF}</UniqueIdentifier>
      <Extensions>cpp;c;cc;cxx;def;odl;idl;hpj;bat;asm;asmx</Extensions>
    </Filter>
    <Filter Include="Header Files">
      <UniqueIdentifier>{93995380-89BD-4b04-88EB-625FBE52EBFB}</UniqueIdentifier>
      <Extensions>h;hpp;hxx;hm;inl;inc;xsd</Extensions>
    </Filter>
    <Filter Include="Resource Files">
      <UniqueIdentifier>{67DA6AB6-F800-4c08-8B7A-83BB121AAD01}</UniqueIdentifier>
      <Extensions>rc;ico;cur;bmp;dlg;rc2;rct;bin;rgs;gif;jpg;jpeg;jpe;resx;tiff;tif;png;wav;mfcribbon-ms</Extensions>
    </Filter>
  </ItemGroup>
  <ItemGroup>
    <Text Include="ReadMe.txt" />
  </ItemGroup>
  <ItemGroup>
    <ClInclude Include="stdafx.h">
      <Filter>Header Files</Filter>
    </ClInclude>
    <ClInclude Include="targetver.h">
      <Filter>Header Files</Filter>
    </ClInclude>
    <ClInclude Include="MainThreadHandle.h">
      <Filter>Header Files</Filter>
    </ClInclude>
    <ClInclude Include="MainThreadArgument.h">
      <Filter>Header Files</Filter>
    </ClInclude>
    <ClInclude Include="ClientHandle\ClientThread.h">
      <Filter>Header Files</Filter>
    </ClInclude>
    <ClInclude Include="Common\ThreadException.h">
      <Filter>Header Files</Filter>
    </ClInclude>
    <ClInclude Include="ClientHandle\ClientThreadEvent.h">
      <Filter>Header Files</Filter>
    </ClInclude>
    <ClInclude Include="ClientHandle\ClientHostInfo.h">
      <Filter>Header Files</Filter>
    </ClInclude>
    <ClInclude Include="ClientHandle\ClientSocket.h">
      <Filter>Header Files</Filter>
    </ClInclude>
    <ClInclude Include="ClientHandle\ClientThreadArgument.h">
      <Filter>Header Files</Filter>
    </ClInclude>
    <ClInclude Include="ClientHandle\ClientController.h">
      <Filter>Header Files</Filter>
    </ClInclude>
    <ClInclude Include="Common\SocketLog.h">
      <Filter>Header Files</Filter>
    </ClInclude>
    <ClInclude Include="FilterProcess\FilterProcessController.h">
      <Filter>Header Files</Filter>
    </ClInclude>
    <ClInclude Include="FIXHandle\FXCMFixController.h">
      <Filter>Header Files</Filter>
    </ClInclude>
    <ClInclude Include="FIXHandle\FXCMApplicationMessaging.h">
      <Filter>Header Files</Filter>
    </ClInclude>
    <ClInclude Include="FIXHandle\OCBCFixController.h">
      <Filter>Header Files</Filter>
    </ClInclude>
    <ClInclude Include="FIXHandle\OCBCApplicationMessaging.h">
      <Filter>Header Files</Filter>
    </ClInclude>
    <ClInclude Include="MT4Handle\MT4Controller.h">
      <Filter>Header Files</Filter>
    </ClInclude>
    <ClInclude Include="MT4Handle\MT4ThreadEvent.h">
      <Filter>Header Files</Filter>
    </ClInclude>
    <ClInclude Include="MT4Handle\MT4Socket.h">
      <Filter>Header Files</Filter>
    </ClInclude>
    <ClInclude Include="MT4Handle\MT4HostInfo.h">
      <Filter>Header Files</Filter>
    </ClInclude>
    <ClInclude Include="MT4Handle\MT4Thread.h">
      <Filter>Header Files</Filter>
    </ClInclude>
    <ClInclude Include="MT4Handle\MT4ThreadArgument.h">
      <Filter>Header Files</Filter>
    </ClInclude>
    <ClInclude Include="Common\Constant.h">
      <Filter>Header Files</Filter>
    </ClInclude>
    <ClInclude Include="Settings\SettingsController.h">
      <Filter>Header Files</Filter>
    </ClInclude>
    <ClInclude Include="Models\FeedProviderModel.h">
      <Filter>Header Files</Filter>
    </ClInclude>
    <ClInclude Include="Models\FeedSourceStatusModel.h">
      <Filter>Header Files</Filter>
    </ClInclude>
    <ClInclude Include="Models\SettingsVariableModel.h">
      <Filter>Header Files</Filter>
    </ClInclude>
    <ClInclude Include="Models\SymbolModel.h">
      <Filter>Header Files</Filter>
    </ClInclude>
    <ClInclude Include="Models\SymbolOutModel.h">
      <Filter>Header Files</Filter>
    </ClInclude>
    <ClInclude Include="Models\SymbolStatusModel.h">
      <Filter>Header Files</Filter>
    </ClInclude>
    <ClInclude Include="Models\SymbolSpikeMappingModel.h">
      <Filter>Header Files</Filter>
    </ClInclude>
    <ClInclude Include="Models\SymbolSourceMappingModel.h">
      <Filter>Header Files</Filter>
    </ClInclude>
    <ClInclude Include="Settings\SymbolValues.h">
      <Filter>Header Files</Filter>
    </ClInclude>
    <ClInclude Include="Models\SymbolSourceModel.h">
      <Filter>Header Files</Filter>
    </ClInclude>
    <ClInclude Include="DBHandle\DBOperationController.h">
      <Filter>Header Files</Filter>
    </ClInclude>
    <ClInclude Include="DBHandle\SymbolDBOperation.h">
      <Filter>Header Files</Filter>
    </ClInclude>
    <ClInclude Include="DBHandle\MySQLDBOperation.h">
      <Filter>Header Files</Filter>
    </ClInclude>
    <ClInclude Include="DBHandle\ConfigFileRead.h">
      <Filter>Header Files</Filter>
    </ClInclude>
    <ClInclude Include="DBHandle\DBQueryString.h">
      <Filter>Header Files</Filter>
    </ClInclude>
    <ClInclude Include="DBHandle\ini.h">
      <Filter>Header Files</Filter>
    </ClInclude>
    <ClInclude Include="DBHandle\FeedProviderDBOperation.h">
      <Filter>Header Files</Filter>
    </ClInclude>
    <ClInclude Include="Common\FXTFLog.h">
      <Filter>Header Files</Filter>
    </ClInclude>
    <ClInclude Include="FilterProcess\SendingThreadHandler.h">
      <Filter>Header Files</Filter>
    </ClInclude>
    <ClInclude Include="Models\ClientRequestModel.h">
      <Filter>Header Files</Filter>
    </ClInclude>
    <ClInclude Include="FIXHandle\FixHandleController.h">
      <Filter>Header Files</Filter>
    </ClInclude>
    <ClInclude Include="FIXHandle\FXCMUSFixController.h">
      <Filter>Header Files</Filter>
    </ClInclude>
    <ClInclude Include="FIXHandle\FXCMUSApplicationMessaging.h">
      <Filter>Header Files</Filter>
    </ClInclude>
  </ItemGroup>
  <ItemGroup>
    <ClCompile Include="stdafx.cpp">
      <Filter>Source Files</Filter>
    </ClCompile>
    <ClCompile Include="FXTFFeedServer.cpp">
      <Filter>Source Files</Filter>
    </ClCompile>
    <ClCompile Include="MainThreadHandle.cpp">
      <Filter>Source Files</Filter>
    </ClCompile>
    <ClCompile Include="MainThreadArgument.cpp">
      <Filter>Source Files</Filter>
    </ClCompile>
    <ClCompile Include="ClientHandle\ClientThread.cpp">
      <Filter>Source Files</Filter>
    </ClCompile>
    <ClCompile Include="Common\ThreadException.cpp">
      <Filter>Source Files</Filter>
    </ClCompile>
    <ClCompile Include="ClientHandle\ClientThreadEvent.cpp">
      <Filter>Source Files</Filter>
    </ClCompile>
    <ClCompile Include="ClientHandle\ClientHostInfo.cpp">
      <Filter>Source Files</Filter>
    </ClCompile>
    <ClCompile Include="ClientHandle\ClientSocket.cpp">
      <Filter>Source Files</Filter>
    </ClCompile>
    <ClCompile Include="ClientHandle\ClientThreadArgument.cpp">
      <Filter>Source Files</Filter>
    </ClCompile>
    <ClCompile Include="ClientHandle\ClientController.cpp">
      <Filter>Source Files</Filter>
    </ClCompile>
    <ClCompile Include="Common\SocketLog.cpp">
      <Filter>Source Files</Filter>
    </ClCompile>
    <ClCompile Include="FilterProcess\FilterProcessController.cpp">
      <Filter>Source Files</Filter>
    </ClCompile>
    <ClCompile Include="FIXHandle\FixHandleController.cpp">
      <Filter>Source Files</Filter>
    </ClCompile>
    <ClCompile Include="FIXHandle\FXCMFixController.cpp">
      <Filter>Source Files</Filter>
    </ClCompile>
    <ClCompile Include="FIXHandle\FXCMApplicationMessaging.cpp">
      <Filter>Source Files</Filter>
    </ClCompile>
    <ClCompile Include="FIXHandle\OCBCFixController.cpp">
      <Filter>Source Files</Filter>
    </ClCompile>
    <ClCompile Include="FIXHandle\OCBCApplicationMessaging.cpp">
      <Filter>Source Files</Filter>
    </ClCompile>
    <ClCompile Include="MT4Handle\MT4ThreadEvent.cpp">
      <Filter>Source Files</Filter>
    </ClCompile>
    <ClCompile Include="MT4Handle\MT4HostInfo.cpp">
      <Filter>Source Files</Filter>
    </ClCompile>
    <ClCompile Include="MT4Handle\MT4Socket.cpp">
      <Filter>Source Files</Filter>
    </ClCompile>
    <ClCompile Include="MT4Handle\MT4Thread.cpp">
      <Filter>Source Files</Filter>
    </ClCompile>
    <ClCompile Include="MT4Handle\MT4ThreadArgument.cpp">
      <Filter>Source Files</Filter>
    </ClCompile>
    <ClCompile Include="MT4Handle\MT4Controller.cpp">
      <Filter>Source Files</Filter>
    </ClCompile>
    <ClCompile Include="Settings\SettingsController.cpp">
      <Filter>Source Files</Filter>
    </ClCompile>
    <ClCompile Include="Settings\SymbolValues.cpp">
      <Filter>Source Files</Filter>
    </ClCompile>
    <ClCompile Include="DBHandle\DBOperationController.cpp">
      <Filter>Source Files</Filter>
    </ClCompile>
    <ClCompile Include="DBHandle\SymbolDBOperation.cpp">
      <Filter>Source Files</Filter>
    </ClCompile>
    <ClCompile Include="DBHandle\MySQLDBOperation.cpp">
      <Filter>Source Files</Filter>
    </ClCompile>
    <ClCompile Include="DBHandle\ConfigFileRead.cpp">
      <Filter>Source Files</Filter>
    </ClCompile>
    <ClCompile Include="Models\SymbolModel.cpp">
      <Filter>Source Files</Filter>
    </ClCompile>
    <ClCompile Include="Models\SymbolOutModel.cpp">
      <Filter>Source Files</Filter>
    </ClCompile>
    <ClCompile Include="Models\SymbolSourceMappingModel.cpp">
      <Filter>Source Files</Filter>
    </ClCompile>
    <ClCompile Include="Models\SymbolSourceModel.cpp">
      <Filter>Source Files</Filter>
    </ClCompile>
    <ClCompile Include="Models\SymbolSpikeMappingModel.cpp">
      <Filter>Source Files</Filter>
    </ClCompile>
    <ClCompile Include="Models\SymbolStatusModel.cpp">
      <Filter>Source Files</Filter>
    </ClCompile>
    <ClCompile Include="DBHandle\ini.c">
      <Filter>Source Files</Filter>
    </ClCompile>
    <ClCompile Include="Models\SettingsVariableModel.cpp">
      <Filter>Source Files</Filter>
    </ClCompile>
    <ClCompile Include="Models\FeedProviderModel.cpp">
      <Filter>Source Files</Filter>
    </ClCompile>
    <ClCompile Include="Models\FeedSourceStatusModel.cpp">
      <Filter>Source Files</Filter>
    </ClCompile>
    <ClCompile Include="DBHandle\FeedProviderDBOperation.cpp">
      <Filter>Source Files</Filter>
    </ClCompile>
    <ClCompile Include="Common\FXTFLog.cpp">
      <Filter>Source Files</Filter>
    </ClCompile>
    <ClCompile Include="FilterProcess\SendingThreadHandler.cpp">
      <Filter>Source Files</Filter>
    </ClCompile>
    <ClCompile Include="Models\ClientRequestModel.cpp">
      <Filter>Source Files</Filter>
    </ClCompile>
    <ClCompile Include="FIXHandle\FXCMUSFixController.cpp">
      <Filter>Source Files</Filter>
    </ClCompile>
    <ClCompile Include="FIXHandle\FXCMUSApplicationMessaging.cpp">
      <Filter>Source Files</Filter>
    </ClCompile>
  </ItemGroup>
</Project>